
Microsoft Visual Studio Solution File, Format Version 12.00
# Visual Studio Version 17
VisualStudioVersion = 17.6.33829.357
MinimumVisualStudioVersion = 10.0.40219.1
Project("{FAE04EC0-301F-11D3-BF4B-00C04F79EFBC}") = "Wiggler", "Wiggler\Wiggler.csproj", "{794EAC9B-32A1-4719-8FC1-8B0E138BBE73}"
EndProject
Global
	GlobalSection(SolutionConfigurationPlatforms) = preSolution
		Debug|Any CPU = Debug|Any CPU
		Release|Any CPU = Release|Any CPU
	EndGlobalSection
	GlobalSection(ProjectConfigurationPlatforms) = postSolution
		{794EAC9B-32A1-4719-8FC1-8B0E138BBE73}.Debug|Any CPU.ActiveCfg = Debug|Any CPU
		{794EAC9B-32A1-4719-8FC1-8B0E138BBE73}.Debug|Any CPU.Build.0 = Debug|Any CPU
		{794EAC9B-32A1-4719-8FC1-8B0E138BBE73}.Release|Any CPU.ActiveCfg = Release|Any CPU
		{794EAC9B-32A1-4719-8FC1-8B0E138BBE73}.Release|Any CPU.Build.0 = Release|Any CPU
	EndGlobalSection
	GlobalSection(SolutionProperties) = preSolution
		HideSolutionNode = FALSE
	EndGlobalSection
	GlobalSection(ExtensibilityGlobals) = postSolution
		SolutionGuid = {62A7C0AF-81CA-405D-B4F5-43825B9EFDAF}
	EndGlobalSection
EndGlobal
